
Microsoft Visual Studio Solution File, Format Version 12.00
# Visual Studio 15
VisualStudioVersion = 15.0.28307.1525
MinimumVisualStudioVersion = 10.0.40219.1
Project("{FAE04EC0-301F-11D3-BF4B-00C04F79EFBC}") = "QTech.App", "QTech.App\QTech.App.csproj", "{E2F93CFA-F3A0-4FDD-BA95-1C9033CC18D3}"
EndProject
Project("{FAE04EC0-301F-11D3-BF4B-00C04F79EFBC}") = "QTech.Db", "QTech.Db\QTech.Db.csproj", "{789540CB-AEB1-4E6C-ABA1-DAC5B8D6D37A}"
EndProject
Project("{FAE04EC0-301F-11D3-BF4B-00C04F79EFBC}") = "QTech.Base", "QTech.Base\QTech.Base.csproj", "{209A6926-2491-4480-9CCE-5B6A0C65E5C1}"
EndProject
Project("{FAE04EC0-301F-11D3-BF4B-00C04F79EFBC}") = "QTech.Component", "QTech.Component\QTech.Component.csproj", "{13F682A8-C792-47B6-945A-222556D95398}"
EndProject
Global
	GlobalSection(SolutionConfigurationPlatforms) = preSolution
		Debug|Any CPU = Debug|Any CPU
		Modules|Any CPU = Modules|Any CPU
		Release|Any CPU = Release|Any CPU
	EndGlobalSection
	GlobalSection(ProjectConfigurationPlatforms) = postSolution
		{E2F93CFA-F3A0-4FDD-BA95-1C9033CC18D3}.Debug|Any CPU.ActiveCfg = Debug|Any CPU
		{E2F93CFA-F3A0-4FDD-BA95-1C9033CC18D3}.Debug|Any CPU.Build.0 = Debug|Any CPU
		{E2F93CFA-F3A0-4FDD-BA95-1C9033CC18D3}.Modules|Any CPU.ActiveCfg = Release|Any CPU
		{E2F93CFA-F3A0-4FDD-BA95-1C9033CC18D3}.Modules|Any CPU.Build.0 = Release|Any CPU
		{E2F93CFA-F3A0-4FDD-BA95-1C9033CC18D3}.Release|Any CPU.ActiveCfg = Release|Any CPU
		{E2F93CFA-F3A0-4FDD-BA95-1C9033CC18D3}.Release|Any CPU.Build.0 = Release|Any CPU
		{789540CB-AEB1-4E6C-ABA1-DAC5B8D6D37A}.Debug|Any CPU.ActiveCfg = Debug|Any CPU
		{789540CB-AEB1-4E6C-ABA1-DAC5B8D6D37A}.Debug|Any CPU.Build.0 = Debug|Any CPU
		{789540CB-AEB1-4E6C-ABA1-DAC5B8D6D37A}.Modules|Any CPU.ActiveCfg = Release|Any CPU
		{789540CB-AEB1-4E6C-ABA1-DAC5B8D6D37A}.Modules|Any CPU.Build.0 = Release|Any CPU
		{789540CB-AEB1-4E6C-ABA1-DAC5B8D6D37A}.Release|Any CPU.ActiveCfg = Release|Any CPU
		{789540CB-AEB1-4E6C-ABA1-DAC5B8D6D37A}.Release|Any CPU.Build.0 = Release|Any CPU
		{209A6926-2491-4480-9CCE-5B6A0C65E5C1}.Debug|Any CPU.ActiveCfg = Debug|Any CPU
		{209A6926-2491-4480-9CCE-5B6A0C65E5C1}.Debug|Any CPU.Build.0 = Debug|Any CPU
		{209A6926-2491-4480-9CCE-5B6A0C65E5C1}.Modules|Any CPU.ActiveCfg = Modules|Any CPU
		{209A6926-2491-4480-9CCE-5B6A0C65E5C1}.Modules|Any CPU.Build.0 = Modules|Any CPU
		{209A6926-2491-4480-9CCE-5B6A0C65E5C1}.Release|Any CPU.ActiveCfg = Release|Any CPU
		{209A6926-2491-4480-9CCE-5B6A0C65E5C1}.Release|Any CPU.Build.0 = Release|Any CPU
		{13F682A8-C792-47B6-945A-222556D95398}.Debug|Any CPU.ActiveCfg = Debug|Any CPU
		{13F682A8-C792-47B6-945A-222556D95398}.Debug|Any CPU.Build.0 = Debug|Any CPU
		{13F682A8-C792-47B6-945A-222556D95398}.Modules|Any CPU.ActiveCfg = Modules|Any CPU
		{13F682A8-C792-47B6-945A-222556D95398}.Modules|Any CPU.Build.0 = Modules|Any CPU
		{13F682A8-C792-47B6-945A-222556D95398}.Release|Any CPU.ActiveCfg = Release|Any CPU
		{13F682A8-C792-47B6-945A-222556D95398}.Release|Any CPU.Build.0 = Release|Any CPU
	EndGlobalSection
	GlobalSection(SolutionProperties) = preSolution
		HideSolutionNode = FALSE
	EndGlobalSection
	GlobalSection(ExtensibilityGlobals) = postSolution
		SolutionGuid = {19DF9176-4AF0-401C-BB82-79C751C758C1}
	EndGlobalSection
EndGlobal
